
Microsoft Visual Studio Solution File, Format Version 12.00
# Visual Studio 15
VisualStudioVersion = 15.0.28307.1705
MinimumVisualStudioVersion = 10.0.40219.1
Project("{FAE04EC0-301F-11D3-BF4B-00C04F79EFBC}") = "CSharp_DiChoThue", "CSharp_DiChoThue\CSharp_DiChoThue.csproj", "{FFE10DE3-1DA9-4481-BAE0-2A57D24BDCE5}"
EndProject
Global
	GlobalSection(SolutionConfigurationPlatforms) = preSolution
		Debug|Any CPU = Debug|Any CPU
		Release|Any CPU = Release|Any CPU
	EndGlobalSection
	GlobalSection(ProjectConfigurationPlatforms) = postSolution
		{FFE10DE3-1DA9-4481-BAE0-2A57D24BDCE5}.Debug|Any CPU.ActiveCfg = Debug|Any CPU
		{FFE10DE3-1DA9-4481-BAE0-2A57D24BDCE5}.Debug|Any CPU.Build.0 = Debug|Any CPU
		{FFE10DE3-1DA9-4481-BAE0-2A57D24BDCE5}.Release|Any CPU.ActiveCfg = Release|Any CPU
		{FFE10DE3-1DA9-4481-BAE0-2A57D24BDCE5}.Release|Any CPU.Build.0 = Release|Any CPU
	EndGlobalSection
	GlobalSection(SolutionProperties) = preSolution
		HideSolutionNode = FALSE
	EndGlobalSection
	GlobalSection(ExtensibilityGlobals) = postSolution
		SolutionGuid = {1EE80346-F6FD-4B75-83A5-A8D3F6BBD960}
	EndGlobalSection
EndGlobal
